lockfileVersion: '9.0'

settings:
  autoInstallPeers: true
  excludeLinksFromLockfile: false

importers:

  .:
    devDependencies:
      tegami:
        specifier: ^1.2.2
        version: 1.2.2
      turbo:
        specifier: ^2.10.3
        version: 2.10.3

  apps/docs: {}

  apps/hako: {}

  packages/nix: {}

packages:

  '@clack/core@1.4.3':
    resolution: {integrity: sha512-/kr3UWNtdJfxZtPgDqUOmG2pvwlmcLGheex5yiZKdwbzZJxhV+HMNR9QNmyY5cGwTNV6LrR7Jtp+KjhUAP1qBQ==}
    engines: {node: '>= 20.12.0'}

  '@clack/prompts@1.7.0':
    resolution: {integrity: sha512-y7/yvZ2TPAnR9+jnc00klvNNLkJiXFFrQA/hlLCcxA9a2A4zQIOimyFQ9XfwYKiGD1fb5GY8vbKIIgO8d5Tb2A==}
    engines: {node: '>= 20.12.0'}

  '@rainbowatcher/toml-edit-js@0.6.5':
    resolution: {integrity: sha512-EdALJyTDcp2yOxeVw1OJevOF7NZrlWAbVEnOnQBV7YqycVCI0OcpDy6oLUa8vqSvv2F1RmXW7kz1kgYv2A5h/w==}

  '@turbo/darwin-64@2.10.3':
    resolution: {integrity: sha512-guuiO2kKc7yUQFU2jhWyM/BrYGD/brqb0+JvJIXTQ/QI1NlWfHZ1id50kkkOWqxmBiDc8DgW2orfY85pQIc7gw==}
    cpu: [x64]
    os: [darwin]

  '@turbo/darwin-arm64@2.10.3':
    resolution: {integrity: sha512-UglEDl/r1/h5Vw6oS6cEE29Jugz2sDLxHCSupNznKatj1fDMRXFqYKFcbvm8RTFhtYPI45NxkrPNo9BqNychBg==}
    cpu: [arm64]
    os: [darwin]

  '@turbo/linux-64@2.10.3':
    resolution: {integrity: sha512-KuQxaPWD7OBmwEZqO0sgijwcuXR5eMWbo7BEt2m1D2Q3RylJDj7WMcJ0Btv2VJA0QC+khzAaTAm1yWowJ0CWAw==}
    cpu: [x64]
    os: [linux]

  '@turbo/linux-arm64@2.10.3':
    resolution: {integrity: sha512-DPkIKQ+6p0sho3Cx/e/A3F+AKgXQJA+z//cHsTcyyM1YWRGSYA0UTP8NUpb4iS2tVBSniGwmjRUr73hpq8kcDg==}
    cpu: [arm64]
    os: [linux]

  '@turbo/windows-64@2.10.3':
    resolution: {integrity: sha512-8NvFAze9D4PsosZAnK3aGqHz2vLzREz9lNIxLgfE0jRchq2sZQE190cwFm7WX17yg3ftPvwCvWH3rhLbG1UHCQ==}
    cpu: [x64]
    os: [win32]

  '@turbo/windows-arm64@2.10.3':
    resolution: {integrity: sha512-AqjqV5cHbFa0YRaQ+Dyw6lSm6as4h/Uf8LcZ7VN8i+Odr23ShFD5SUvVAR1d3rZqibFVs9c0VdtXdfQfkdcs3A==}
    cpu: [arm64]
    os: [win32]

  fast-string-truncated-width@3.0.3:
    resolution: {integrity: sha512-0jjjIEL6+0jag3l2XWWizO64/aZVtpiGE3t0Zgqxv0DPuxiMjvB3M24fCyhZUO4KomJQPj3LTSUnDP3GpdwC0g==}

  fast-string-width@3.0.2:
    resolution: {integrity: sha512-gX8LrtNEI5hq8DVUfRQMbr5lpaS4nMIWV+7XEbXk2b8kiQIizgnlr12B4dA3ZEx3308ze0O4Q1R+cHts8kyUJg==}

  fast-wrap-ansi@0.2.2:
    resolution: {integrity: sha512-7F2Fl+TjRSenLqlU3UjSH0iyqopqoZIu7eZVpEirP2g1GtWa2G/ecEmBdgz31+Mxr+ELclgg6sokpSFIQiZ02Q==}

  fdir@6.5.0:
    resolution: {integrity: sha512-tIbYtZbucOs0BRGqPJkshJUYdL+SDH7dVM8gjy+ERp3WAUjLEFJE+02kanyHtwjWOnwrKYBiwAmM0p4kLJAnXg==}
    engines: {node: '>=12.0.0'}
    peerDependencies:
      picomatch: ^3 || ^4
    peerDependenciesMeta:
      picomatch:
        optional: true

  package-manager-detector@1.7.0:
    resolution: {integrity: sha512-xg1eHpwYL/D/HEdWw2goFZP6vV0FH7W+PZ5rFkGjdIDLtxq7EkzBUeT3m+lndYCt8wKbmofUu1MUdMCXkCk9ZQ==}

  picomatch@4.0.5:
    resolution: {integrity: sha512-RvwwcruNjI1ncT5xRakeyS9Lf8lcItv34KD+aif+VH9kduAyfYBipGh12274xtenIPZ119/R9BdTBa8gAwSh0A==}
    engines: {node: '>=12'}

  semver@7.8.5:
    resolution: {integrity: sha512-Y7/KDsb8LjooZpwaqGyulO6DQlksgCncchHGk+sZIY4SBvUocMBEFH5Ur1fI4dV+Jvl0w6cjvucaIi40puRioA==}
    engines: {node: '>=10'}
    hasBin: true

  sisteransi@1.0.5:
    resolution: {integrity: sha512-bLGGlR1QxBcynn2d5YmDX4MGjlZvy2MRBDRNHLJ8VI6l6+9FUiyTFNJ0IveOSP0bcXgVDPRcfGqA0pjaqUpfVg==}

  tegami@1.2.2:
    resolution: {integrity: sha512-NwKJo79eBMpAOwPUiJflttYkrniC/rIPVLaRMNknmeI2O4ayerI1lkHHo//Raqo7Ct01hnvEoq9/6mwDrykw0Q==}

  tinyexec@1.2.4:
    resolution: {integrity: sha512-SHf/r48b7vOrjve9PxJo3MN5v5yuyjHvdUcrQffT3WXMUfnGmHDVbC4k3sHJaJTgZCwpUplIaAo5ANtMyp3YHg==}
    engines: {node: '>=18'}

  tinyglobby@0.2.17:
    resolution: {integrity: sha512-wXR/dYpcqKmfWpEdZjiKJOwCNFndD0DMnrW/cYjVGttEkBfVgcLFHoNrlj47mjOVic9yyNu65alsgF4NQyTa2g==}
    engines: {node: '>=12.0.0'}

  turbo@2.10.3:
    resolution: {integrity: sha512-uZIqzfgtWbyqu1Tqwdd0giRnPGgL0ejbcdF8eZLJhtTTVSrOgArZGzYeXTD6XNcc7ANgdhqex11Y9bHBeyiQLQ==}
    hasBin: true

  yaml@2.9.0:
    resolution: {integrity: sha512-2AvhNX3mb8zd6Zy7INTtSpl1F15HW6Wnqj0srWlkKLcpYl/gMIMJiyuGq2KeI2YFxUPjdlB+3Lc10seMLtL4cA==}
    engines: {node: '>= 14.6'}
    hasBin: true

snapshots:

  '@clack/core@1.4.3':
    dependencies:
      fast-wrap-ansi: 0.2.2
      sisteransi: 1.0.5

  '@clack/prompts@1.7.0':
    dependencies:
      '@clack/core': 1.4.3
      fast-string-width: 3.0.2
      fast-wrap-ansi: 0.2.2
      sisteransi: 1.0.5

  '@rainbowatcher/toml-edit-js@0.6.5': {}

  '@turbo/darwin-64@2.10.3':
    optional: true

  '@turbo/darwin-arm64@2.10.3':
    optional: true

  '@turbo/linux-64@2.10.3':
    optional: true

  '@turbo/linux-arm64@2.10.3':
    optional: true

  '@turbo/windows-64@2.10.3':
    optional: true

  '@turbo/windows-arm64@2.10.3':
    optional: true

  fast-string-truncated-width@3.0.3: {}

  fast-string-width@3.0.2:
    dependencies:
      fast-string-truncated-width: 3.0.3

  fast-wrap-ansi@0.2.2:
    dependencies:
      fast-string-width: 3.0.2

  fdir@6.5.0(picomatch@4.0.5):
    optionalDependencies:
      picomatch: 4.0.5

  package-manager-detector@1.7.0: {}

  picomatch@4.0.5: {}

  semver@7.8.5: {}

  sisteransi@1.0.5: {}

  tegami@1.2.2:
    dependencies:
      '@clack/prompts': 1.7.0
      '@rainbowatcher/toml-edit-js': 0.6.5
      package-manager-detector: 1.7.0
      semver: 7.8.5
      tinyexec: 1.2.4
      tinyglobby: 0.2.17
      yaml: 2.9.0

  tinyexec@1.2.4: {}

  tinyglobby@0.2.17:
    dependencies:
      fdir: 6.5.0(picomatch@4.0.5)
      picomatch: 4.0.5

  turbo@2.10.3:
    optionalDependencies:
      '@turbo/darwin-64': 2.10.3
      '@turbo/darwin-arm64': 2.10.3
      '@turbo/linux-64': 2.10.3
      '@turbo/linux-arm64': 2.10.3
      '@turbo/windows-64': 2.10.3
      '@turbo/windows-arm64': 2.10.3

  yaml@2.9.0: {}
