core:changelogs:
  - content: "---\npackages:\n  omh:\n    type: patch\n---\n\n# Preserve official release identity in packaged binaries\n\nGitHub release binaries now keep their release channel, tag, and build cohort when Cargo runs through Turborepo. Official installs use the production namespace instead of the development namespace.\n"
    filename: release-build-identity.md
    v: 0.0.0
core:packages:
  - id: npm:@omh/website
    updated: false
  - changelogIds:
      - release-build-identity.md
    id: cargo:omh
    updated: true
  - id: cargo:portable-pty
    updated: false
  - id: cargo:omh-local-api
    updated: false
npm:packages:
  - id: npm:@omh/website
