core:changelogs:
  - content: "---\npackages:\n  gardn:\n    type: patch\n---\n\n### Clarify Gardn instances in the menu bar app\n\nThe menu bar app now labels the default Gardn instance clearly, distinguishes coordinators from SSH Connections, and removes deleted local sessions when the menu or Settings window opens.\n"
    filename: clarify-menu-instances.md
    v: 0.0.0
core:packages:
  - id: npm:@gardn/website
    updated: false
  - changelogIds:
      - clarify-menu-instances.md
    id: cargo:gardn
    updated: true
  - id: cargo:gardn-local-api
    updated: false
  - id: cargo:portable-pty
    updated: false
npm:packages:
  - id: npm:@gardn/website
