core:changelogs:
  - content: "---\npackages:\n  gardn:\n    type: minor\n  gardn-docs:\n    type: patch\n---\n\n### Add a beta Direct Install\n\nInstall a GitHub prerelease as `gardn-beta` to dogfood the next stable on the same session. Stop the running server before switching binaries.\n"
    filename: beta-release-line.md
    v: 0.0.0
  - content: "---\npackages:\n  gardn:\n    type: patch\n---\n\n### Left-align tab names and hide a single-tab bar\n\nTab titles sit on the left of each tab cell. The Hide Single-Tab Bar setting now removes the tab row when a workspace has one tab.\n"
    filename: tab-bar-chrome.md
    v: 0.0.0
core:packages:
  - id: npm:@gardn/website
    updated: false
  - changelogIds:
      - beta-release-line.md
      - tab-bar-chrome.md
    id: cargo:gardn
    updated: true
  - id: cargo:portable-pty
    updated: false
  - id: cargo:gardn-local-api
    updated: false
npm:packages:
  - id: npm:@gardn/website
